# This file was autogenerated by Stack.
# You should not edit this file by hand.
# For more information, please see the documentation at:
#   https://docs.haskellstack.org/en/stable/lock_files

packages: []
snapshots:
- completed:
    size: 520859
    url: https://raw.githubusercontent.com/commercialhaskell/stackage-snapshots/master/nightly/2020/8/15.yaml
    sha256: 1e0aa20d7651982298ee4865963f903da072f2536b1f7e2bce75650cf6312f25
  original: nightly-2020-08-15
